
Microsoft Visual Studio Solution File, Format Version 12.00
# Visual Studio Version 16
VisualStudioVersion = 16.0.29521.150
MinimumVisualStudioVersion = 10.0.40219.1
Project("{9A19103F-16F7-4668-BE54-9A1E7A4F7556}") = "VatCheck", "VatCheck\VatCheck.csproj", "{CF49BD6E-B8BB-46E8-B917-192485B8C710}"
EndProject
Global
	GlobalSection(SolutionConfigurationPlatforms) = preSolution
		Debug|Any CPU = Debug|Any CPU
		Release|Any CPU = Release|Any CPU
	EndGlobalSection
	GlobalSection(ProjectConfigurationPlatforms) = postSolution
		{CF49BD6E-B8BB-46E8-B917-192485B8C710}.Debug|Any CPU.ActiveCfg = Debug|Any CPU
		{CF49BD6E-B8BB-46E8-B917-192485B8C710}.Debug|Any CPU.Build.0 = Debug|Any CPU
		{CF49BD6E-B8BB-46E8-B917-192485B8C710}.Release|Any CPU.ActiveCfg = Release|Any CPU
		{CF49BD6E-B8BB-46E8-B917-192485B8C710}.Release|Any CPU.Build.0 = Release|Any CPU
	EndGlobalSection
	GlobalSection(SolutionProperties) = preSolution
		HideSolutionNode = FALSE
	EndGlobalSection
	GlobalSection(ExtensibilityGlobals) = postSolution
		SolutionGuid = {9B9CB2FE-EC14-4314-866F-2B9B073535FA}
	EndGlobalSection
EndGlobal
